github.com/BackNot/core v0.0.0-20240625222356-d3592fd46e3a/go.mod h1:RPVrL9zDpGCJrlE8mIaGHZoNbqGt59Y82iJDFTXJs5g=
github.com/BackNot/core v0.0.0-20240625223031-96da88f47f92 h1:iOW2z5v/ANzlPid1u8KQeaJOi8Y1sPRqXYnIFbjqvis=
github.com/BackNot/core v0.0.0-20240625223031-96da88f47f92/go.mod h1:RPVrL9zDpGCJrlE8mIaGHZoNbqGt59Y82iJDFTXJs5g=
github.com/BackNot/core v0.0.0-20240625223546-3023fe9b8b4c h1:X/vBAMiqD1O+iI8oaEfcSxIaF9taGSQUc6aHoHm6hnE=
github.com/BackNot/core v0.0.0-20240625223546-3023fe9b8b4c/go.mod h1:RPVrL9zDpGCJrlE8mIaGHZoNbqGt59Y82iJDFTXJs5g=
github.com/BackNot/core v0.0.0-20240625223822-cb942e0dd362 h1:8NJkQLyzUkWW6Wvjsr3dzPw8+R21u4EI/gccoI+NYNA=
github.com/BackNot/core v0.0.0-20240625223822-cb942e0dd362/go.mod h1:RPVrL9zDpGCJrlE8mIaGHZoNbqGt59Y82iJDFTXJs5g=
github.com/devcows/hugo-universal-theme v0.0.0-20210408074747-23c6efbbe23c/go.mod h1:MqYH15Evmut/wgYkFi7ArsX+k44HfRrH675FbVLBkq0=
github.com/devcows/hugo-universal-theme v0.0.0-20240312142249-b34533c67125 h1:J8y2CtVoD8DxOEoOEuQf3fmVKRErANEx4GPfDjdAWgA=
github.com/devcows/hugo-universal-theme v0.0.0-20240312142249-b34533c67125/go.mod h1:MqYH15Evmut/wgYkFi7ArsX+k44HfRrH675FbVLBkq0=
github.com/owaspsamm/core v2.0.9+incompatible h1:Y/2NxI0zXvAv0Ja+pbCyAhgov8ovion7r2Nvqz+VRi8=
github.com/owaspsamm/core v2.0.9+incompatible/go.mod h1:ECnrbqPPh1OnAru4vRFzMou6Bx2xBemoVDZRTcgYYJw=
